
Microsoft Visual Studio Solution File, Format Version 12.00
# Visual Studio Version 16
VisualStudioVersion = 16.0.31205.134
MinimumVisualStudioVersion = 10.0.40219.1
Project("{2150E333-8FDC-42A3-9474-1A3956D46DE8}") = "01. Clients", "01. Clients", "{091DA1FD-388A-4BC7-BA73-F63591328E63}"
EndProject
Project("{2150E333-8FDC-42A3-9474-1A3956D46DE8}") = "02. Api.Gateways", "02. Api.Gateways", "{1BB6228F-72CC-4EAA-BB54-598A85C9D1D8}"
EndProject
Project("{2150E333-8FDC-42A3-9474-1A3956D46DE8}") = "03. Services", "03. Services", "{EF9D61FF-EAA6-4E75-8827-F150D0908DAF}"
EndProject
Project("{2150E333-8FDC-42A3-9474-1A3956D46DE8}") = "01. Identity", "01. Identity", "{E35D3F3D-0304-4572-8821-25865BD5E139}"
EndProject
Project("{2150E333-8FDC-42A3-9474-1A3956D46DE8}") = "02. Catalog", "02. Catalog", "{6C1CE17B-9B48-4F10-962B-91AE3EAF0772}"
EndProject
Project("{2150E333-8FDC-42A3-9474-1A3956D46DE8}") = "03. Customer", "03. Customer", "{8BCEA7E5-66CE-477C-9B87-E33F93D699E8}"
EndProject
Project("{2150E333-8FDC-42A3-9474-1A3956D46DE8}") = "04. Order", "04. Order", "{C984F819-C0ED-4ADF-B437-6DA32BC43E3F}"
EndProject
Project("{9A19103F-16F7-4668-BE54-9A1E7A4F7556}") = "Catalog.Api", "src\Services\Catalog\Catalog.Api\Catalog.Api.csproj", "{86C4FA0F-EEE2-463A-B7EB-79A46694CD2A}"
EndProject
Project("{2150E333-8FDC-42A3-9474-1A3956D46DE8}") = "01. API", "01. API", "{3ACEB3F5-0DCF-46F2-B616-CCC3D77CBD58}"
EndProject
Project("{2150E333-8FDC-42A3-9474-1A3956D46DE8}") = "02. Services", "02. Services", "{6E19B668-4239-4D20-A40D-D538D7C7A252}"
EndProject
Project("{2150E333-8FDC-42A3-9474-1A3956D46DE8}") = "03. Persistence", "03. Persistence", "{A7AB96B2-CCE6-4D8C-A2EA-164B81E3F229}"
EndProject
Project("{2150E333-8FDC-42A3-9474-1A3956D46DE8}") = "04. Models", "04. Models", "{091B98E0-CF98-485E-BE9B-CF85BFFB0095}"
EndProject
Project("{9A19103F-16F7-4668-BE54-9A1E7A4F7556}") = "Catalog.Domain", "src\Services\Catalog\Catalog.Domain\Catalog.Domain.csproj", "{69FFAC6B-BEFC-4377-82E9-1DF46B6295BF}"
EndProject
Project("{9A19103F-16F7-4668-BE54-9A1E7A4F7556}") = "Catalog.Persistence.Database", "src\Services\Catalog\Catalog.Persistence.Database\Catalog.Persistence.Database.csproj", "{65D3EBBE-38A5-4CA3-BD48-97DB0E3D5E26}"
EndProject
Project("{9A19103F-16F7-4668-BE54-9A1E7A4F7556}") = "Catalog.Service.Queries", "src\Services\Catalog\Catalog.Service.Queries\Catalog.Service.Queries.csproj", "{AF1A10AE-18F5-4918-8079-0AFB253939F1}"
EndProject
Project("{2150E333-8FDC-42A3-9474-1A3956D46DE8}") = "Common", "Common", "{48189EC7-40EE-4277-BE3C-732B77D9DAC1}"
EndProject
Project("{9A19103F-16F7-4668-BE54-9A1E7A4F7556}") = "Service.Common.Collection", "src\Services\Service.Common.Collection\Service.Common.Collection.csproj", "{72C558B2-FB17-42AC-9F2D-605DFB6032B0}"
EndProject
Project("{9A19103F-16F7-4668-BE54-9A1E7A4F7556}") = "Service.Common.Mapping", "src\Services\Service.Common.Mapping\Service.Common.Mapping.csproj", "{8EDDF3E5-F964-48B2-9579-D2DE208C48ED}"
EndProject
Project("{9A19103F-16F7-4668-BE54-9A1E7A4F7556}") = "Service.Common.Paging", "src\Services\Service.Common.Paging\Service.Common.Paging.csproj", "{F7C682BC-9EAF-4125-B3C1-34885B990F23}"
EndProject
Project("{9A19103F-16F7-4668-BE54-9A1E7A4F7556}") = "Catalog.Service.EventHandlers", "src\Services\Catalog\Catalog.Service.EventHandlers\Catalog.Service.EventHandlers.csproj", "{5C3B7A15-2B21-4402-AD54-A56B8EC53506}"
EndProject
Project("{2150E333-8FDC-42A3-9474-1A3956D46DE8}") = "05. Common", "05. Common", "{71E85A52-CFCD-4FF7-BB72-5A277A28EFF2}"
EndProject
Project("{9A19103F-16F7-4668-BE54-9A1E7A4F7556}") = "Catalog.Common", "src\Services\Catalog\Catalog.Common\Catalog.Common.csproj", "{65C352B8-8D26-4F38-B098-A5F1822DE04C}"
EndProject
Project("{2150E333-8FDC-42A3-9474-1A3956D46DE8}") = "04. Common", "04. Common", "{C51381DD-8610-43AC-ACF5-68BE7A3E3713}"
EndProject
Project("{9A19103F-16F7-4668-BE54-9A1E7A4F7556}") = "Common.Logging", "src\Services\Catalog\Common.Logging\Common.Logging.csproj", "{831CEA25-22FC-4802-80ED-E41D07A0C45D}"
EndProject
Project("{2150E333-8FDC-42A3-9474-1A3956D46DE8}") = "06. Testing", "06. Testing", "{482B23BD-6E5C-4343-B29A-A802238804CA}"
EndProject
Project("{FAE04EC0-301F-11D3-BF4B-00C04F79EFBC}") = "Catalog.Tests", "src\Services\Catalog\Catalog.Tests\Catalog.Tests.csproj", "{7028C596-9AC4-4E98-B80D-2C170434BB05}"
EndProject
Global
	GlobalSection(SolutionConfigurationPlatforms) = preSolution
		Debug|Any CPU = Debug|Any CPU
		Release|Any CPU = Release|Any CPU
	EndGlobalSection
	GlobalSection(ProjectConfigurationPlatforms) = postSolution
		{86C4FA0F-EEE2-463A-B7EB-79A46694CD2A}.Debug|Any CPU.ActiveCfg = Debug|Any CPU
		{86C4FA0F-EEE2-463A-B7EB-79A46694CD2A}.Debug|Any CPU.Build.0 = Debug|Any CPU
		{86C4FA0F-EEE2-463A-B7EB-79A46694CD2A}.Release|Any CPU.ActiveCfg = Release|Any CPU
		{86C4FA0F-EEE2-463A-B7EB-79A46694CD2A}.Release|Any CPU.Build.0 = Release|Any CPU
		{69FFAC6B-BEFC-4377-82E9-1DF46B6295BF}.Debug|Any CPU.ActiveCfg = Debug|Any CPU
		{69FFAC6B-BEFC-4377-82E9-1DF46B6295BF}.Debug|Any CPU.Build.0 = Debug|Any CPU
		{69FFAC6B-BEFC-4377-82E9-1DF46B6295BF}.Release|Any CPU.ActiveCfg = Release|Any CPU
		{69FFAC6B-BEFC-4377-82E9-1DF46B6295BF}.Release|Any CPU.Build.0 = Release|Any CPU
		{65D3EBBE-38A5-4CA3-BD48-97DB0E3D5E26}.Debug|Any CPU.ActiveCfg = Debug|Any CPU
		{65D3EBBE-38A5-4CA3-BD48-97DB0E3D5E26}.Debug|Any CPU.Build.0 = Debug|Any CPU
		{65D3EBBE-38A5-4CA3-BD48-97DB0E3D5E26}.Release|Any CPU.ActiveCfg = Release|Any CPU
		{65D3EBBE-38A5-4CA3-BD48-97DB0E3D5E26}.Release|Any CPU.Build.0 = Release|Any CPU
		{AF1A10AE-18F5-4918-8079-0AFB253939F1}.Debug|Any CPU.ActiveCfg = Debug|Any CPU
		{AF1A10AE-18F5-4918-8079-0AFB253939F1}.Debug|Any CPU.Build.0 = Debug|Any CPU
		{AF1A10AE-18F5-4918-8079-0AFB253939F1}.Release|Any CPU.ActiveCfg = Release|Any CPU
		{AF1A10AE-18F5-4918-8079-0AFB253939F1}.Release|Any CPU.Build.0 = Release|Any CPU
		{72C558B2-FB17-42AC-9F2D-605DFB6032B0}.Debug|Any CPU.ActiveCfg = Debug|Any CPU
		{72C558B2-FB17-42AC-9F2D-605DFB6032B0}.Debug|Any CPU.Build.0 = Debug|Any CPU
		{72C558B2-FB17-42AC-9F2D-605DFB6032B0}.Release|Any CPU.ActiveCfg = Release|Any CPU
		{72C558B2-FB17-42AC-9F2D-605DFB6032B0}.Release|Any CPU.Build.0 = Release|Any CPU
		{8EDDF3E5-F964-48B2-9579-D2DE208C48ED}.Debug|Any CPU.ActiveCfg = Debug|Any CPU
		{8EDDF3E5-F964-48B2-9579-D2DE208C48ED}.Debug|Any CPU.Build.0 = Debug|Any CPU
		{8EDDF3E5-F964-48B2-9579-D2DE208C48ED}.Release|Any CPU.ActiveCfg = Release|Any CPU
		{8EDDF3E5-F964-48B2-9579-D2DE208C48ED}.Release|Any CPU.Build.0 = Release|Any CPU
		{F7C682BC-9EAF-4125-B3C1-34885B990F23}.Debug|Any CPU.ActiveCfg = Debug|Any CPU
		{F7C682BC-9EAF-4125-B3C1-34885B990F23}.Debug|Any CPU.Build.0 = Debug|Any CPU
		{F7C682BC-9EAF-4125-B3C1-34885B990F23}.Release|Any CPU.ActiveCfg = Release|Any CPU
		{F7C682BC-9EAF-4125-B3C1-34885B990F23}.Release|Any CPU.Build.0 = Release|Any CPU
		{5C3B7A15-2B21-4402-AD54-A56B8EC53506}.Debug|Any CPU.ActiveCfg = Debug|Any CPU
		{5C3B7A15-2B21-4402-AD54-A56B8EC53506}.Debug|Any CPU.Build.0 = Debug|Any CPU
		{5C3B7A15-2B21-4402-AD54-A56B8EC53506}.Release|Any CPU.ActiveCfg = Release|Any CPU
		{5C3B7A15-2B21-4402-AD54-A56B8EC53506}.Release|Any CPU.Build.0 = Release|Any CPU
		{65C352B8-8D26-4F38-B098-A5F1822DE04C}.Debug|Any CPU.ActiveCfg = Debug|Any CPU
		{65C352B8-8D26-4F38-B098-A5F1822DE04C}.Debug|Any CPU.Build.0 = Debug|Any CPU
		{65C352B8-8D26-4F38-B098-A5F1822DE04C}.Release|Any CPU.ActiveCfg = Release|Any CPU
		{65C352B8-8D26-4F38-B098-A5F1822DE04C}.Release|Any CPU.Build.0 = Release|Any CPU
		{831CEA25-22FC-4802-80ED-E41D07A0C45D}.Debug|Any CPU.ActiveCfg = Debug|Any CPU
		{831CEA25-22FC-4802-80ED-E41D07A0C45D}.Debug|Any CPU.Build.0 = Debug|Any CPU
		{831CEA25-22FC-4802-80ED-E41D07A0C45D}.Release|Any CPU.ActiveCfg = Release|Any CPU
		{831CEA25-22FC-4802-80ED-E41D07A0C45D}.Release|Any CPU.Build.0 = Release|Any CPU
		{7028C596-9AC4-4E98-B80D-2C170434BB05}.Debug|Any CPU.ActiveCfg = Debug|Any CPU
		{7028C596-9AC4-4E98-B80D-2C170434BB05}.Debug|Any CPU.Build.0 = Debug|Any CPU
		{7028C596-9AC4-4E98-B80D-2C170434BB05}.Release|Any CPU.ActiveCfg = Release|Any CPU
		{7028C596-9AC4-4E98-B80D-2C170434BB05}.Release|Any CPU.Build.0 = Release|Any CPU
	EndGlobalSection
	GlobalSection(SolutionProperties) = preSolution
		HideSolutionNode = FALSE
	EndGlobalSection
	GlobalSection(NestedProjects) = preSolution
		{E35D3F3D-0304-4572-8821-25865BD5E139} = {EF9D61FF-EAA6-4E75-8827-F150D0908DAF}
		{6C1CE17B-9B48-4F10-962B-91AE3EAF0772} = {EF9D61FF-EAA6-4E75-8827-F150D0908DAF}
		{8BCEA7E5-66CE-477C-9B87-E33F93D699E8} = {EF9D61FF-EAA6-4E75-8827-F150D0908DAF}
		{C984F819-C0ED-4ADF-B437-6DA32BC43E3F} = {EF9D61FF-EAA6-4E75-8827-F150D0908DAF}
		{86C4FA0F-EEE2-463A-B7EB-79A46694CD2A} = {3ACEB3F5-0DCF-46F2-B616-CCC3D77CBD58}
		{3ACEB3F5-0DCF-46F2-B616-CCC3D77CBD58} = {6C1CE17B-9B48-4F10-962B-91AE3EAF0772}
		{6E19B668-4239-4D20-A40D-D538D7C7A252} = {6C1CE17B-9B48-4F10-962B-91AE3EAF0772}
		{A7AB96B2-CCE6-4D8C-A2EA-164B81E3F229} = {6C1CE17B-9B48-4F10-962B-91AE3EAF0772}
		{091B98E0-CF98-485E-BE9B-CF85BFFB0095} = {6C1CE17B-9B48-4F10-962B-91AE3EAF0772}
		{69FFAC6B-BEFC-4377-82E9-1DF46B6295BF} = {091B98E0-CF98-485E-BE9B-CF85BFFB0095}
		{65D3EBBE-38A5-4CA3-BD48-97DB0E3D5E26} = {A7AB96B2-CCE6-4D8C-A2EA-164B81E3F229}
		{AF1A10AE-18F5-4918-8079-0AFB253939F1} = {6E19B668-4239-4D20-A40D-D538D7C7A252}
		{48189EC7-40EE-4277-BE3C-732B77D9DAC1} = {EF9D61FF-EAA6-4E75-8827-F150D0908DAF}
		{72C558B2-FB17-42AC-9F2D-605DFB6032B0} = {48189EC7-40EE-4277-BE3C-732B77D9DAC1}
		{8EDDF3E5-F964-48B2-9579-D2DE208C48ED} = {48189EC7-40EE-4277-BE3C-732B77D9DAC1}
		{F7C682BC-9EAF-4125-B3C1-34885B990F23} = {48189EC7-40EE-4277-BE3C-732B77D9DAC1}
		{5C3B7A15-2B21-4402-AD54-A56B8EC53506} = {6E19B668-4239-4D20-A40D-D538D7C7A252}
		{71E85A52-CFCD-4FF7-BB72-5A277A28EFF2} = {6C1CE17B-9B48-4F10-962B-91AE3EAF0772}
		{65C352B8-8D26-4F38-B098-A5F1822DE04C} = {71E85A52-CFCD-4FF7-BB72-5A277A28EFF2}
		{831CEA25-22FC-4802-80ED-E41D07A0C45D} = {C51381DD-8610-43AC-ACF5-68BE7A3E3713}
		{482B23BD-6E5C-4343-B29A-A802238804CA} = {6C1CE17B-9B48-4F10-962B-91AE3EAF0772}
		{7028C596-9AC4-4E98-B80D-2C170434BB05} = {482B23BD-6E5C-4343-B29A-A802238804CA}
	EndGlobalSection
	GlobalSection(ExtensibilityGlobals) = postSolution
		SolutionGuid = {AF844BA8-3494-422B-A8A4-55B04C20618C}
	EndGlobalSection
EndGlobal
